<Solution>
  <Folder Name="/extras/">
    <Project Path="exercicio14/exercicio14.csproj" Id="7eea179b-a861-4edd-a6f9-8ea09df955f4" />
    <Project Path="extras/exercicio12/exercicio12.csproj" Id="ac17936c-7f05-4ab7-bcb0-a512b1eb9a41" />
    <Project Path="extras/exercicio13/exercicio13.csproj" Id="7347c68f-a312-408f-96ad-796b09e6f3b3" />
  </Folder>
  <Folder Name="/obrigatorios/" />
  <Folder Name="/obrigatorios/anna/" />
  
  <Folder Name="/obrigatorios/anna/exercicio_diagnostico/">
    <Project Path="obrigatorios/anna/exercicio_diagnostico/exercicio2/exercicio2.csproj" />
    <Project Path="obrigatorios/anna/exercicio_diagnostico/exercicios1/exercicios1.csproj" />
  </Folder>

  <Folder Name="/obrigatorios/anna/lista_exercicios/">
    <Project Path="obrigatorios/anna/lista_exercicios/exercicio1/exercicio1.csproj" />
    <Project Path="obrigatorios/anna/lista_exercicios/exercicio10/exercicio10.csproj" />
    <Project Path="obrigatorios/anna/lista_exercicios/exercicio2/exercicio2.csproj" Id="c20880bd-3be1-487c-b8c7-6315ad1daeb6" />
    <Project Path="obrigatorios/anna/lista_exercicios/exercicio3/exercicio3.csproj" />
    <Project Path="obrigatorios/anna/lista_exercicios/exercicio4/exercicio4.csproj" />
    <Project Path="obrigatorios/anna/lista_exercicios/exercicio5/exercicio5.csproj" />
    <Project Path="obrigatorios/anna/lista_exercicios/exercicio6/exercicio6.csproj" />
    <Project Path="obrigatorios/anna/lista_exercicios/exercicio7/exercicio7.csproj" />
    <Project Path="obrigatorios/anna/lista_exercicios/exercicio8/exercicio8.csproj" />
    <Project Path="obrigatorios/anna/lista_exercicios/exercicio9/exercicio9.csproj" />
  </Folder>

  <Folder Name="/obrigatorios/vitor/">
    <Project Path="obrigatorios/vitor/exercicio1/exercicio1.csproj" />
    <Project Path="obrigatorios/vitor/exercicio10/exercicio10.csproj" />
    <Project Path="obrigatorios/vitor/exercicio11/exercicio11.csproj" />
    <Project Path="obrigatorios/vitor/exercicio2-matematica/exercicio2-matematica.csproj" Id="1d989eba-0d3f-437e-acc7-97ada2b78df8" />
    <Project Path="obrigatorios/vitor/exercicio2-matriz/exercicio2-matriz.csproj" />
    <Project Path="obrigatorios/vitor/exercicio3/exercicio3.csproj" />
    <Project Path="obrigatorios/vitor/exercicio4/exercicio4.csproj" />
    <Project Path="obrigatorios/vitor/exercicio5/exercicio5.csproj" />
    <Project Path="obrigatorios/vitor/exercicio6/exercicio6.csproj" />
    <Project Path="obrigatorios/vitor/exercicio7/exercicio7.csproj" />
    <Project Path="obrigatorios/vitor/exercicio8/exercicio8.csproj" />
    <Project Path="obrigatorios/vitor/exercicio9/exercicio9.csproj" />
  </Folder>
</Solution>